
Microsoft Visual Studio Solution File, Format Version 12.00
# Visual Studio Version 16
VisualStudioVersion = 16.0.30517.126
MinimumVisualStudioVersion = 10.0.40219.1
Project("{FAE04EC0-301F-11D3-BF4B-00C04F79EFBC}") = "CryptoHome", "CryptoHome.csproj", "{B899DA5B-9B0D-485B-A1AE-6C0B294391B3}"
EndProject
Global
	GlobalSection(SolutionConfigurationPlatforms) = preSolution
		Debug|Any CPU = Debug|Any CPU
		Release|Any CPU = Release|Any CPU
	EndGlobalSection
	GlobalSection(ProjectConfigurationPlatforms) = postSolution
		{B899DA5B-9B0D-485B-A1AE-6C0B294391B3}.Debug|Any CPU.ActiveCfg = Debug|Any CPU
		{B899DA5B-9B0D-485B-A1AE-6C0B294391B3}.Debug|Any CPU.Build.0 = Debug|Any CPU
		{B899DA5B-9B0D-485B-A1AE-6C0B294391B3}.Release|Any CPU.ActiveCfg = Release|Any CPU
		{B899DA5B-9B0D-485B-A1AE-6C0B294391B3}.Release|Any CPU.Build.0 = Release|Any CPU
	EndGlobalSection
	GlobalSection(SolutionProperties) = preSolution
		HideSolutionNode = FALSE
	EndGlobalSection
	GlobalSection(ExtensibilityGlobals) = postSolution
		SolutionGuid = {ED913E59-9FA2-4328-917B-E47853D1FD2A}
	EndGlobalSection
EndGlobal
